
Microsoft Visual Studio Solution File, Format Version 12.00
Project("{F2A71F9B-5D33-465A-A702-920D77279786}") = "dotnet2nix", "dotnet2nix\dotnet2nix.fsproj", "{6C9DFEFB-033F-4D7D-A4B9-7705ADBCC4A2}"
EndProject
Project("{2150E333-8FDC-42A3-9474-1A3956D46DE8}") = "SolutionItems", "SolutionItems", "{C3446547-C942-427C-B224-02BBED0639B4}"
ProjectSection(SolutionItems) = preProject
	default.nix = default.nix
	README.md = README.md
EndProjectSection
EndProject
Global
	GlobalSection(SolutionConfigurationPlatforms) = preSolution
		Debug|Any CPU = Debug|Any CPU
		Release|Any CPU = Release|Any CPU
	EndGlobalSection
	GlobalSection(ProjectConfigurationPlatforms) = postSolution
		{6C9DFEFB-033F-4D7D-A4B9-7705ADBCC4A2}.Debug|Any CPU.ActiveCfg = Debug|Any CPU
		{6C9DFEFB-033F-4D7D-A4B9-7705ADBCC4A2}.Debug|Any CPU.Build.0 = Debug|Any CPU
		{6C9DFEFB-033F-4D7D-A4B9-7705ADBCC4A2}.Release|Any CPU.ActiveCfg = Release|Any CPU
		{6C9DFEFB-033F-4D7D-A4B9-7705ADBCC4A2}.Release|Any CPU.Build.0 = Release|Any CPU
	EndGlobalSection
EndGlobal
